// !$*UTF8*$!
{
	archiveVersion = 1;
	classes = {
	};
	objectVersion = 77;
	objects = {

/* Begin PBXBuildFile section */
		3A893D332E370BBB00872181 /* LeavesOfBlocksAppClip.app in Embed App Clips */ = {isa = PBXBuildFile; fileRef = 3A893D112E370BBA00872181 /* LeavesOfBlocksAppClip.app */; settings = {ATTRIBUTES = (RemoveHeadersOnCopy, ); }; };
/* End PBXBuildFile section */

/* Begin PBXContainerItemProxy section */
		3A692C0F2E3460EE00451CB3 /* PBXContainerItemProxy */ = {
			isa = PBXContainerItemProxy;
			containerPortal = 3A692BF92E3460ED00451CB3 /* Project object */;
			proxyType = 1;
			remoteGlobalIDString = 3A692C002E3460ED00451CB3;
			remoteInfo = "Leaves of Blocks";
		};
		3A692C192E3460EE00451CB3 /* PBXContainerItemProxy */ = {
			isa = PBXContainerItemProxy;
			containerPortal = 3A692BF92E3460ED00451CB3 /* Project object */;
			proxyType = 1;
			remoteGlobalIDString = 3A692C002E3460ED00451CB3;
			remoteInfo = "Leaves of Blocks";
		};
		3A893D202E370BBB00872181 /* PBXContainerItemProxy */ = {
			isa = PBXContainerItemProxy;
			containerPortal = 3A692BF92E3460ED00451CB3 /* Project object */;
			proxyType = 1;
			remoteGlobalIDString = 3A893D102E370BBA00872181;
			remoteInfo = LeavesOfBlocksAppClip;
		};
		3A893D2A2E370BBB00872181 /* PBXContainerItemProxy */ = {
			isa = PBXContainerItemProxy;
			containerPortal = 3A692BF92E3460ED00451CB3 /* Project object */;
			proxyType = 1;
			remoteGlobalIDString = 3A893D102E370BBA00872181;
			remoteInfo = LeavesOfBlocksAppClip;
		};
		3A893D312E370BBB00872181 /* PBXContainerItemProxy */ = {
			isa = PBXContainerItemProxy;
			containerPortal = 3A692BF92E3460ED00451CB3 /* Project object */;
			proxyType = 1;
			remoteGlobalIDString = 3A893D102E370BBA00872181;
			remoteInfo = LeavesOfBlocksAppClip;
		};
/* End PBXContainerItemProxy section */

/* Begin PBXCopyFilesBuildPhase section */
		3A893D342E370BBB00872181 /* Embed App Clips */ = {
			isa = PBXCopyFilesBuildPhase;
			buildActionMask = 2147483647;
			dstPath = "$(CONTENTS_FOLDER_PATH)/AppClips";
			dstSubfolderSpec = 16;
			files = (
				3A893D332E370BBB00872181 /* LeavesOfBlocksAppClip.app in Embed App Clips */,
			);
			name = "Embed App Clips";
			runOnlyForDeploymentPostprocessing = 0;
		};
/* End PBXCopyFilesBuildPhase section */

/* Begin PBXFileReference section */
		3A692C012E3460ED00451CB3 /* LeavesOfBlocks.app */ = {isa = PBXFileReference; explicitFileType = wrapper.application; includeInIndex = 0; path = LeavesOfBlocks.app; sourceTree = BUILT_PRODUCTS_DIR; };
		3A692C0E2E3460EE00451CB3 /* LeavesOfBlocksTests.xctest */ = {isa = PBXFileReference; explicitFileType = wrapper.cfbundle; includeInIndex = 0; path = LeavesOfBlocksTests.xctest; sourceTree = BUILT_PRODUCTS_DIR; };
		3A692C182E3460EE00451CB3 /* LeavesOfBlocksUITests.xctest */ = {isa = PBXFileReference; explicitFileType = wrapper.cfbundle; includeInIndex = 0; path = LeavesOfBlocksUITests.xctest; sourceTree = BUILT_PRODUCTS_DIR; };
		3A893D112E370BBA00872181 /* LeavesOfBlocksAppClip.app */ = {isa = PBXFileReference; explicitFileType = wrapper.application; includeInIndex = 0; path = LeavesOfBlocksAppClip.app; sourceTree = BUILT_PRODUCTS_DIR; };
		3A893D1F2E370BBB00872181 /* LeavesOfBlocksAppClipTests.xctest */ = {isa = PBXFileReference; explicitFileType = wrapper.cfbundle; includeInIndex = 0; path = LeavesOfBlocksAppClipTests.xctest; sourceTree = BUILT_PRODUCTS_DIR; };
		3A893D292E370BBB00872181 /* LeavesOfBlocksAppClipUITests.xctest */ = {isa = PBXFileReference; explicitFileType = wrapper.cfbundle; includeInIndex = 0; path = LeavesOfBlocksAppClipUITests.xctest; sourceTree = BUILT_PRODUCTS_DIR; };
		SL04E1AZ2E015452058300847012 /* LaunchScreen.storyboard */ = {isa = PBXFileReference; lastKnownFileType = file.storyboard; path = LaunchScreen.storyboard; sourceTree = "<group>"; };
/* End PBXFileReference section */

/* Begin PBXFileSystemSynchronizedBuildFileExceptionSet section */
		3A893D3B2E370BBB00872181 /* Exceptions for "LeavesOfBlocksAppClip" folder in "LeavesOfBlocksAppClip" target */ = {
			isa = PBXFileSystemSynchronizedBuildFileExceptionSet;
			membershipExceptions = (
				Info.plist,
			);
			target = 3A893D102E370BBA00872181 /* LeavesOfBlocksAppClip */;
		};
/* End PBXFileSystemSynchronizedBuildFileExceptionSet section */

/* Begin PBXFileSystemSynchronizedRootGroup section */
		3A692C032E3460ED00451CB3 /* LeavesOfBlocks */ = {
			isa = PBXFileSystemSynchronizedRootGroup;
			path = LeavesOfBlocks;
			sourceTree = "<group>";
		};
		3A893D122E370BBA00872181 /* LeavesOfBlocksAppClip */ = {
			isa = PBXFileSystemSynchronizedRootGroup;
			exceptions = (
				3A893D3B2E370BBB00872181 /* Exceptions for "LeavesOfBlocksAppClip" folder in "LeavesOfBlocksAppClip" target */,
			);
			path = LeavesOfBlocksAppClip;
			sourceTree = "<group>";
		};
/* End PBXFileSystemSynchronizedRootGroup section */

/* Begin PBXFrameworksBuildPhase section */
		3A692BFE2E3460ED00451CB3 /* Frameworks */ = {
			isa = PBXFrameworksBuildPhase;
			buildActionMask = 2147483647;
			files = (
			);
			runOnlyForDeploymentPostprocessing = 0;
		};
		3A692C0B2E3460EE00451CB3 /* Frameworks */ = {
			isa = PBXFrameworksBuildPhase;
			buildActionMask = 2147483647;
			files = (
			);
			runOnlyForDeploymentPostprocessing = 0;
		};
		3A692C152E3460EE00451CB3 /* Frameworks */ = {
			isa = PBXFrameworksBuildPhase;
			buildActionMask = 2147483647;
			files = (
			);
			runOnlyForDeploymentPostprocessing = 0;
		};
		3A893D0E2E370BBA00872181 /* Frameworks */ = {
			isa = PBXFrameworksBuildPhase;
			buildActionMask = 2147483647;
			files = (
			);
			runOnlyForDeploymentPostprocessing = 0;
		};
		3A893D1C2E370BBB00872181 /* Frameworks */ = {
			isa = PBXFrameworksBuildPhase;
			buildActionMask = 2147483647;
			files = (
			);
			runOnlyForDeploymentPostprocessing = 0;
		};
		3A893D262E370BBB00872181 /* Frameworks */ = {
			isa = PBXFrameworksBuildPhase;
			buildActionMask = 2147483647;
			files = (
			);
			runOnlyForDeploymentPostprocessing = 0;
		};
/* End PBXFrameworksBuildPhase section */

/* Begin PBXGroup section */
		3A692BF82E3460ED00451CB3 = {
			isa = PBXGroup;
			children = (
				3A692C032E3460ED00451CB3 /* LeavesOfBlocks */,
				3A893D122E370BBA00872181 /* LeavesOfBlocksAppClip */,
				3A692C022E3460ED00451CB3 /* Products */,
			);
			sourceTree = "<group>";
		};
		3A692C022E3460ED00451CB3 /* Products */ = {
			isa = PBXGroup;
			children = (
				3A692C012E3460ED00451CB3 /* LeavesOfBlocks.app */,
				3A692C0E2E3460EE00451CB3 /* LeavesOfBlocksTests.xctest */,
				3A692C182E3460EE00451CB3 /* LeavesOfBlocksUITests.xctest */,
				3A893D112E370BBA00872181 /* LeavesOfBlocksAppClip.app */,
				3A893D1F2E370BBB00872181 /* LeavesOfBlocksAppClipTests.xctest */,
				3A893D292E370BBB00872181 /* LeavesOfBlocksAppClipUITests.xctest */,
			);
			name = Products;
			sourceTree = "<group>";
		};
/* End PBXGroup section */

/* Begin PBXNativeTarget section */
		3A692C002E3460ED00451CB3 /* LeavesOfBlocks */ = {
			isa = PBXNativeTarget;
			buildConfigurationList = 3A692C222E3460EE00451CB3 /* Build configuration list for PBXNativeTarget "LeavesOfBlocks" */;
			buildPhases = (
				3A692BFD2E3460ED00451CB3 /* Sources */,
				3A692BFE2E3460ED00451CB3 /* Frameworks */,
				3A692BFF2E3460ED00451CB3 /* Resources */,
				3A893D342E370BBB00872181 /* Embed App Clips */,
			);
			buildRules = (
			);
			dependencies = (
				3A893D322E370BBB00872181 /* PBXTargetDependency */,
			);
			fileSystemSynchronizedGroups = (
				3A692C032E3460ED00451CB3 /* LeavesOfBlocks */,
			);
			name = LeavesOfBlocks;
			packageProductDependencies = (
			);
			productName = "Leaves of Blocks";
			productReference = 3A692C012E3460ED00451CB3 /* LeavesOfBlocks.app */;
			productType = "com.apple.product-type.application";
		};
		3A692C0D2E3460EE00451CB3 /* LeavesOfBlocksTests */ = {
			isa = PBXNativeTarget;
			buildConfigurationList = 3A692C252E3460EE00451CB3 /* Build configuration list for PBXNativeTarget "LeavesOfBlocksTests" */;
			buildPhases = (
				3A692C0A2E3460EE00451CB3 /* Sources */,
				3A692C0B2E3460EE00451CB3 /* Frameworks */,
				3A692C0C2E3460EE00451CB3 /* Resources */,
			);
			buildRules = (
			);
			dependencies = (
				3A692C102E3460EE00451CB3 /* PBXTargetDependency */,
			);
			name = LeavesOfBlocksTests;
			packageProductDependencies = (
			);
			productName = "Leaves of BlocksTests";
			productReference = 3A692C0E2E3460EE00451CB3 /* LeavesOfBlocksTests.xctest */;
			productType = "com.apple.product-type.bundle.unit-test";
		};
		3A692C172E3460EE00451CB3 /* LeavesOfBlocksUITests */ = {
			isa = PBXNativeTarget;
			buildConfigurationList = 3A692C282E3460EE00451CB3 /* Build configuration list for PBXNativeTarget "LeavesOfBlocksUITests" */;
			buildPhases = (
				3A692C142E3460EE00451CB3 /* Sources */,
				3A692C152E3460EE00451CB3 /* Frameworks */,
				3A692C162E3460EE00451CB3 /* Resources */,
			);
			buildRules = (
			);
			dependencies = (
				3A692C1A2E3460EE00451CB3 /* PBXTargetDependency */,
			);
			name = LeavesOfBlocksUITests;
			packageProductDependencies = (
			);
			productName = "Leaves of BlocksUITests";
			productReference = 3A692C182E3460EE00451CB3 /* LeavesOfBlocksUITests.xctest */;
			productType = "com.apple.product-type.bundle.ui-testing";
		};
		3A893D102E370BBA00872181 /* LeavesOfBlocksAppClip */ = {
			isa = PBXNativeTarget;
			buildConfigurationList = 3A893D3C2E370BBB00872181 /* Build configuration list for PBXNativeTarget "LeavesOfBlocksAppClip" */;
			buildPhases = (
				3A893D0D2E370BBA00872181 /* Sources */,
				3A893D0E2E370BBA00872181 /* Frameworks */,
				3A893D0F2E370BBA00872181 /* Resources */,
			);
			buildRules = (
			);
			dependencies = (
			);
			fileSystemSynchronizedGroups = (
				3A893D122E370BBA00872181 /* LeavesOfBlocksAppClip */,
			);
			name = LeavesOfBlocksAppClip;
			packageProductDependencies = (
			);
			productName = LeavesOfBlocksAppClip;
			productReference = 3A893D112E370BBA00872181 /* LeavesOfBlocksAppClip.app */;
			productType = "com.apple.product-type.application.on-demand-install-capable";
		};
		3A893D1E2E370BBB00872181 /* LeavesOfBlocksAppClipTests */ = {
			isa = PBXNativeTarget;
			buildConfigurationList = 3A893D3D2E370BBB00872181 /* Build configuration list for PBXNativeTarget "LeavesOfBlocksAppClipTests" */;
			buildPhases = (
				3A893D1B2E370BBB00872181 /* Sources */,
				3A893D1C2E370BBB00872181 /* Frameworks */,
				3A893D1D2E370BBB00872181 /* Resources */,
			);
			buildRules = (
			);
			dependencies = (
				3A893D212E370BBB00872181 /* PBXTargetDependency */,
			);
			name = LeavesOfBlocksAppClipTests;
			packageProductDependencies = (
			);
			productName = LeavesOfBlocksAppClipTests;
			productReference = 3A893D1F2E370BBB00872181 /* LeavesOfBlocksAppClipTests.xctest */;
			productType = "com.apple.product-type.bundle.unit-test";
		};
		3A893D282E370BBB00872181 /* LeavesOfBlocksAppClipUITests */ = {
			isa = PBXNativeTarget;
			buildConfigurationList = 3A893D3E2E370BBB00872181 /* Build configuration list for PBXNativeTarget "LeavesOfBlocksAppClipUITests" */;
			buildPhases = (
				3A893D252E370BBB00872181 /* Sources */,
				3A893D262E370BBB00872181 /* Frameworks */,
				3A893D272E370BBB00872181 /* Resources */,
			);
			buildRules = (
			);
			dependencies = (
				3A893D2B2E370BBB00872181 /* PBXTargetDependency */,
			);
			name = LeavesOfBlocksAppClipUITests;
			packageProductDependencies = (
			);
			productName = LeavesOfBlocksAppClipUITests;
			productReference = 3A893D292E370BBB00872181 /* LeavesOfBlocksAppClipUITests.xctest */;
			productType = "com.apple.product-type.bundle.ui-testing";
		};
/* End PBXNativeTarget section */

/* Begin PBXProject section */
		3A692BF92E3460ED00451CB3 /* Project object */ = {
			isa = PBXProject;
			attributes = {
				BuildIndependentTargetsInParallel = 1;
				LastSwiftUpdateCheck = 1640;
				LastUpgradeCheck = 1640;
				TargetAttributes = {
					3A692C002E3460ED00451CB3 = {
						CreatedOnToolsVersion = 16.4;
					};
					3A692C0D2E3460EE00451CB3 = {
						CreatedOnToolsVersion = 16.4;
						TestTargetID = 3A692C002E3460ED00451CB3;
					};
					3A692C172E3460EE00451CB3 = {
						CreatedOnToolsVersion = 16.4;
						TestTargetID = 3A692C002E3460ED00451CB3;
					};
					3A893D102E370BBA00872181 = {
						CreatedOnToolsVersion = 16.4;
					};
					3A893D1E2E370BBB00872181 = {
						CreatedOnToolsVersion = 16.4;
						TestTargetID = 3A893D102E370BBA00872181;
					};
					3A893D282E370BBB00872181 = {
						CreatedOnToolsVersion = 16.4;
						TestTargetID = 3A893D102E370BBA00872181;
					};
				};
			};
			buildConfigurationList = 3A692BFC2E3460ED00451CB3 /* Build configuration list for PBXProject "LeavesOfBlocks" */;
			developmentRegion = en;
			hasScannedForEncodings = 0;
			knownRegions = (
				en,
				Base,
			);
			mainGroup = 3A692BF82E3460ED00451CB3;
			minimizedProjectReferenceProxies = 1;
			preferredProjectObjectVersion = 77;
			productRefGroup = 3A692C022E3460ED00451CB3 /* Products */;
			projectDirPath = "";
			projectRoot = "";
			targets = (
				3A692C002E3460ED00451CB3 /* LeavesOfBlocks */,
				3A692C0D2E3460EE00451CB3 /* LeavesOfBlocksTests */,
				3A692C172E3460EE00451CB3 /* LeavesOfBlocksUITests */,
				3A893D102E370BBA00872181 /* LeavesOfBlocksAppClip */,
				3A893D1E2E370BBB00872181 /* LeavesOfBlocksAppClipTests */,
				3A893D282E370BBB00872181 /* LeavesOfBlocksAppClipUITests */,
			);
		};
/* End PBXProject section */

/* Begin PBXResourcesBuildPhase section */
		3A692BFF2E3460ED00451CB3 /* Resources */ = {
			isa = PBXResourcesBuildPhase;
			buildActionMask = 2147483647;
			files = (
			);
			runOnlyForDeploymentPostprocessing = 0;
		};
		3A692C0C2E3460EE00451CB3 /* Resources */ = {
			isa = PBXResourcesBuildPhase;
			buildActionMask = 2147483647;
			files = (
			);
			runOnlyForDeploymentPostprocessing = 0;
		};
		3A692C162E3460EE00451CB3 /* Resources */ = {
			isa = PBXResourcesBuildPhase;
			buildActionMask = 2147483647;
			files = (
			);
			runOnlyForDeploymentPostprocessing = 0;
		};
		3A893D0F2E370BBA00872181 /* Resources */ = {
			isa = PBXResourcesBuildPhase;
			buildActionMask = 2147483647;
			files = (
			);
			runOnlyForDeploymentPostprocessing = 0;
		};
		3A893D1D2E370BBB00872181 /* Resources */ = {
			isa = PBXResourcesBuildPhase;
			buildActionMask = 2147483647;
			files = (
			);
			runOnlyForDeploymentPostprocessing = 0;
		};
		3A893D272E370BBB00872181 /* Resources */ = {
			isa = PBXResourcesBuildPhase;
			buildActionMask = 2147483647;
			files = (
			);
			runOnlyForDeploymentPostprocessing = 0;
		};
/* End PBXResourcesBuildPhase section */

/* Begin PBXSourcesBuildPhase section */
		3A692BFD2E3460ED00451CB3 /* Sources */ = {
			isa = PBXSourcesBuildPhase;
			buildActionMask = 2147483647;
			files = (
			);
			runOnlyForDeploymentPostprocessing = 0;
		};
		3A692C0A2E3460EE00451CB3 /* Sources */ = {
			isa = PBXSourcesBuildPhase;
			buildActionMask = 2147483647;
			files = (
			);
			runOnlyForDeploymentPostprocessing = 0;
		};
		3A692C142E3460EE00451CB3 /* Sources */ = {
			isa = PBXSourcesBuildPhase;
			buildActionMask = 2147483647;
			files = (
			);
			runOnlyForDeploymentPostprocessing = 0;
		};
		3A893D0D2E370BBA00872181 /* Sources */ = {
			isa = PBXSourcesBuildPhase;
			buildActionMask = 2147483647;
			files = (
			);
			runOnlyForDeploymentPostprocessing = 0;
		};
		3A893D1B2E370BBB00872181 /* Sources */ = {
			isa = PBXSourcesBuildPhase;
			buildActionMask = 2147483647;
			files = (
			);
			runOnlyForDeploymentPostprocessing = 0;
		};
		3A893D252E370BBB00872181 /* Sources */ = {
			isa = PBXSourcesBuildPhase;
			buildActionMask = 2147483647;
			files = (
			);
			runOnlyForDeploymentPostprocessing = 0;
		};
/* End PBXSourcesBuildPhase section */

/* Begin PBXTargetDependency section */
		3A692C102E3460EE00451CB3 /* PBXTargetDependency */ = {
			isa = PBXTargetDependency;
			target = 3A692C002E3460ED00451CB3 /* LeavesOfBlocks */;
			targetProxy = 3A692C0F2E3460EE00451CB3 /* PBXContainerItemProxy */;
		};
		3A692C1A2E3460EE00451CB3 /* PBXTargetDependency */ = {
			isa = PBXTargetDependency;
			target = 3A692C002E3460ED00451CB3 /* LeavesOfBlocks */;
			targetProxy = 3A692C192E3460EE00451CB3 /* PBXContainerItemProxy */;
		};
		3A893D212E370BBB00872181 /* PBXTargetDependency */ = {
			isa = PBXTargetDependency;
			target = 3A893D102E370BBA00872181 /* LeavesOfBlocksAppClip */;
			targetProxy = 3A893D202E370BBB00872181 /* PBXContainerItemProxy */;
		};
		3A893D2B2E370BBB00872181 /* PBXTargetDependency */ = {
			isa = PBXTargetDependency;
			target = 3A893D102E370BBA00872181 /* LeavesOfBlocksAppClip */;
			targetProxy = 3A893D2A2E370BBB00872181 /* PBXContainerItemProxy */;
		};
		3A893D322E370BBB00872181 /* PBXTargetDependency */ = {
			isa = PBXTargetDependency;
			target = 3A893D102E370BBA00872181 /* LeavesOfBlocksAppClip */;
			targetProxy = 3A893D312E370BBB00872181 /* PBXContainerItemProxy */;
		};
/* End PBXTargetDependency section */

/* Begin XCBuildConfiguration section */
		3A692C202E3460EE00451CB3 /* Debug */ = {
			isa = XCBuildConfiguration;
			buildSettings = {
				ALWAYS_SEARCH_USER_PATHS = NO;
				ASSETCATALOG_COMPILER_GENERATE_SWIFT_ASSET_SYMBOL_EXTENSIONS = YES;
				CLANG_ANALYZER_NONNULL = YES;
				CLANG_ANALYZER_NUMBER_OBJECT_CONVERSION = YES_AGGRESSIVE;
				CLANG_CXX_LANGUAGE_STANDARD = "gnu++20";
				CLANG_ENABLE_MODULES = YES;
				CLANG_ENABLE_OBJC_ARC = YES;
				CLANG_ENABLE_OBJC_WEAK = YES;
				CLANG_WARN_BLOCK_CAPTURE_AUTORELEASING = YES;
				CLANG_WARN_BOOL_CONVERSION = YES;
				CLANG_WARN_COMMA = YES;
				CLANG_WARN_CONSTANT_CONVERSION = YES;
				CLANG_WARN_DEPRECATED_OBJC_IMPLEMENTATIONS = YES;
				CLANG_WARN_DIRECT_OBJC_ISA_USAGE = YES_ERROR;
				CLANG_WARN_DOCUMENTATION_COMMENTS = YES;
				CLANG_WARN_EMPTY_BODY = YES;
				CLANG_WARN_ENUM_CONVERSION = YES;
				CLANG_WARN_INFINITE_RECURSION = YES;
				CLANG_WARN_INT_CONVERSION = YES;
				CLANG_WARN_NON_LITERAL_NULL_CONVERSION = YES;
				CLANG_WARN_OBJC_IMPLICIT_RETAIN_SELF = YES;
				CLANG_WARN_OBJC_LITERAL_CONVERSION = YES;
				CLANG_WARN_OBJC_ROOT_CLASS = YES_ERROR;
				CLANG_WARN_QUOTED_INCLUDE_IN_FRAMEWORK_HEADER = YES;
				CLANG_WARN_RANGE_LOOP_ANALYSIS = YES;
				CLANG_WARN_STRICT_PROTOTYPES = YES;
				CLANG_WARN_SUSPICIOUS_MOVE = YES;
				CLANG_WARN_UNGUARDED_AVAILABILITY = YES_AGGRESSIVE;
				CLANG_WARN_UNREACHABLE_CODE = YES;
				CLANG_WARN__DUPLICATE_METHOD_MATCH = YES;
				COPY_PHASE_STRIP = NO;
				DEBUG_INFORMATION_FORMAT = dwarf;
				DEVELOPMENT_TEAM = 85U9MWUBJL;
				ENABLE_STRICT_OBJC_MSGSEND = YES;
				ENABLE_TESTABILITY = YES;
				ENABLE_USER_SCRIPT_SANDBOXING = YES;
				GCC_C_LANGUAGE_STANDARD = gnu17;
				GCC_DYNAMIC_NO_PIC = NO;
				GCC_NO_COMMON_BLOCKS = YES;
				GCC_OPTIMIZATION_LEVEL = 0;
				GCC_PREPROCESSOR_DEFINITIONS = (
					"DEBUG=1",
					"$(inherited)",
				);
				GCC_WARN_64_TO_32_BIT_CONVERSION = YES;
				GCC_WARN_ABOUT_RETURN_TYPE = YES_ERROR;
				GCC_WARN_UNDECLARED_SELECTOR = YES;
				GCC_WARN_UNINITIALIZED_AUTOS = YES_AGGRESSIVE;
				GCC_WARN_UNUSED_FUNCTION = YES;
				GCC_WARN_UNUSED_VARIABLE = YES;
				IPHONEOS_DEPLOYMENT_TARGET = 18.5;
				LOCALIZATION_PREFERS_STRING_CATALOGS = YES;
				MTL_ENABLE_DEBUG_INFO = INCLUDE_SOURCE;
				MTL_FAST_MATH = YES;
				ONLY_ACTIVE_ARCH = YES;
				SDKROOT = iphoneos;
				SWIFT_ACTIVE_COMPILATION_CONDITIONS = "DEBUG $(inherited)";
				SWIFT_OPTIMIZATION_LEVEL = "-Onone";
			};
			name = Debug;
		};
		3A692C212E3460EE00451CB3 /* Release */ = {
			isa = XCBuildConfiguration;
			buildSettings = {
				ALWAYS_SEARCH_USER_PATHS = NO;
				ASSETCATALOG_COMPILER_GENERATE_SWIFT_ASSET_SYMBOL_EXTENSIONS = YES;
				CLANG_ANALYZER_NONNULL = YES;
				CLANG_ANALYZER_NUMBER_OBJECT_CONVERSION = YES_AGGRESSIVE;
				CLANG_CXX_LANGUAGE_STANDARD = "gnu++20";
				CLANG_ENABLE_MODULES = YES;
				CLANG_ENABLE_OBJC_ARC = YES;
				CLANG_ENABLE_OBJC_WEAK = YES;
				CLANG_WARN_BLOCK_CAPTURE_AUTORELEASING = YES;
				CLANG_WARN_BOOL_CONVERSION = YES;
				CLANG_WARN_COMMA = YES;
				CLANG_WARN_CONSTANT_CONVERSION = YES;
				CLANG_WARN_DEPRECATED_OBJC_IMPLEMENTATIONS = YES;
				CLANG_WARN_DIRECT_OBJC_ISA_USAGE = YES_ERROR;
				CLANG_WARN_DOCUMENTATION_COMMENTS = YES;
				CLANG_WARN_EMPTY_BODY = YES;
				CLANG_WARN_ENUM_CONVERSION = YES;
				CLANG_WARN_INFINITE_RECURSION = YES;
				CLANG_WARN_INT_CONVERSION = YES;
				CLANG_WARN_NON_LITERAL_NULL_CONVERSION = YES;
				CLANG_WARN_OBJC_IMPLICIT_RETAIN_SELF = YES;
				CLANG_WARN_OBJC_LITERAL_CONVERSION = YES;
				CLANG_WARN_OBJC_ROOT_CLASS = YES_ERROR;
				CLANG_WARN_QUOTED_INCLUDE_IN_FRAMEWORK_HEADER = YES;
				CLANG_WARN_RANGE_LOOP_ANALYSIS = YES;
				CLANG_WARN_STRICT_PROTOTYPES = YES;
				CLANG_WARN_SUSPICIOUS_MOVE = YES;
				CLANG_WARN_UNGUARDED_AVAILABILITY = YES_AGGRESSIVE;
				CLANG_WARN_UNREACHABLE_CODE = YES;
				CLANG_WARN__DUPLICATE_METHOD_MATCH = YES;
				COPY_PHASE_STRIP = NO;
				DEBUG_INFORMATION_FORMAT = "dwarf-with-dsym";
				DEVELOPMENT_TEAM = 85U9MWUBJL;
				ENABLE_NS_ASSERTIONS = NO;
				ENABLE_STRICT_OBJC_MSGSEND = YES;
				ENABLE_USER_SCRIPT_SANDBOXING = YES;
				GCC_C_LANGUAGE_STANDARD = gnu17;
				GCC_NO_COMMON_BLOCKS = YES;
				GCC_WARN_64_TO_32_BIT_CONVERSION = YES;
				GCC_WARN_ABOUT_RETURN_TYPE = YES_ERROR;
				GCC_WARN_UNDECLARED_SELECTOR = YES;
				GCC_WARN_UNINITIALIZED_AUTOS = YES_AGGRESSIVE;
				GCC_WARN_UNUSED_FUNCTION = YES;
				GCC_WARN_UNUSED_VARIABLE = YES;
				IPHONEOS_DEPLOYMENT_TARGET = 18.5;
				LOCALIZATION_PREFERS_STRING_CATALOGS = YES;
				MTL_ENABLE_DEBUG_INFO = NO;
				MTL_FAST_MATH = YES;
				SDKROOT = iphoneos;
				SWIFT_COMPILATION_MODE = wholemodule;
				VALIDATE_PRODUCT = YES;
			};
			name = Release;
		};
		3A692C232E3460EE00451CB3 /* Debug */ = {
			isa = XCBuildConfiguration;
			buildSettings = {
				ASSETCATALOG_COMPILER_APPICON_NAME = AppIcon;
				ASSETCATALOG_COMPILER_GLOBAL_ACCENT_COLOR_NAME = AccentColor;
				CODE_SIGN_ENTITLEMENTS = LeavesOfBlocks/LeavesOfBlocks.entitlements;
				CODE_SIGN_STYLE = Automatic;
				CURRENT_PROJECT_VERSION = 1;
				ENABLE_PREVIEWS = YES;
				GENERATE_INFOPLIST_FILE = YES;
				INFOPLIST_KEY_CFBundleDisplayName = "Leaves of Blocks";
				INFOPLIST_KEY_LSApplicationCategoryType = "public.app-category.puzzle-games";
				INFOPLIST_KEY_UIApplicationSceneManifest_Generation = YES;
				INFOPLIST_KEY_UIApplicationSupportsIndirectInputEvents = YES;
				INFOPLIST_KEY_UILaunchStoryboardName = LaunchScreen;
				INFOPLIST_KEY_UISupportedInterfaceOrientations = UIInterfaceOrientationPortrait;
				INFOPLIST_KEY_UISupportedInterfaceOrientations_iPad = "UIInterfaceOrientationLandscapeLeft UIInterfaceOrientationLandscapeRight UIInterfaceOrientationPortrait UIInterfaceOrientationPortraitUpsideDown";
				LD_RUNPATH_SEARCH_PATHS = (
					"$(inherited)",
					"@executable_path/Frameworks",
				);
				MARKETING_VERSION = 1.0;
				PRODUCT_BUNDLE_IDENTIFIER = timothy.veil.LeavesOfBlocks;
				PRODUCT_NAME = "$(TARGET_NAME)";
				SUPPORTED_PLATFORMS = "iphoneos iphonesimulator";
				SUPPORTS_MACCATALYST = NO;
				SUPPORTS_MAC_DESIGNED_FOR_IPHONE_IPAD = NO;
				SUPPORTS_XR_DESIGNED_FOR_IPHONE_IPAD = NO;
				SWIFT_EMIT_LOC_STRINGS = YES;
				SWIFT_VERSION = 5.0;
				TARGETED_DEVICE_FAMILY = 1;
			};
			name = Debug;
		};
		3A692C242E3460EE00451CB3 /* Release */ = {
			isa = XCBuildConfiguration;
			buildSettings = {
				ASSETCATALOG_COMPILER_APPICON_NAME = AppIcon;
				ASSETCATALOG_COMPILER_GLOBAL_ACCENT_COLOR_NAME = AccentColor;
				CODE_SIGN_ENTITLEMENTS = LeavesOfBlocks/LeavesOfBlocks.entitlements;
				CODE_SIGN_STYLE = Automatic;
				CURRENT_PROJECT_VERSION = 1;
				ENABLE_PREVIEWS = YES;
				GENERATE_INFOPLIST_FILE = YES;
				INFOPLIST_KEY_CFBundleDisplayName = "Leaves of Blocks";
				INFOPLIST_KEY_LSApplicationCategoryType = "public.app-category.puzzle-games";
				INFOPLIST_KEY_UIApplicationSceneManifest_Generation = YES;
				INFOPLIST_KEY_UIApplicationSupportsIndirectInputEvents = YES;
				INFOPLIST_KEY_UILaunchStoryboardName = LaunchScreen;
				INFOPLIST_KEY_UISupportedInterfaceOrientations = UIInterfaceOrientationPortrait;
				INFOPLIST_KEY_UISupportedInterfaceOrientations_iPad = "UIInterfaceOrientationLandscapeLeft UIInterfaceOrientationLandscapeRight UIInterfaceOrientationPortrait UIInterfaceOrientationPortraitUpsideDown";
				LD_RUNPATH_SEARCH_PATHS = (
					"$(inherited)",
					"@executable_path/Frameworks",
				);
				MARKETING_VERSION = 1.0;
				PRODUCT_BUNDLE_IDENTIFIER = timothy.veil.LeavesOfBlocks;
				PRODUCT_NAME = "$(TARGET_NAME)";
				SUPPORTED_PLATFORMS = "iphoneos iphonesimulator";
				SUPPORTS_MACCATALYST = NO;
				SUPPORTS_MAC_DESIGNED_FOR_IPHONE_IPAD = NO;
				SUPPORTS_XR_DESIGNED_FOR_IPHONE_IPAD = NO;
				SWIFT_EMIT_LOC_STRINGS = YES;
				SWIFT_VERSION = 5.0;
				TARGETED_DEVICE_FAMILY = 1;
			};
			name = Release;
		};
		3A692C262E3460EE00451CB3 /* Debug */ = {
			isa = XCBuildConfiguration;
			buildSettings = {
				BUNDLE_LOADER = "$(TEST_HOST)";
				CODE_SIGN_STYLE = Automatic;
				CURRENT_PROJECT_VERSION = 1;
				GENERATE_INFOPLIST_FILE = YES;
				IPHONEOS_DEPLOYMENT_TARGET = 18.5;
				MARKETING_VERSION = 1.0;
				PRODUCT_BUNDLE_IDENTIFIER = timothy.veil.LeavesOfBlocksTests;
				PRODUCT_NAME = "$(TARGET_NAME)";
				SUPPORTED_PLATFORMS = "iphoneos iphonesimulator";
				SUPPORTS_MACCATALYST = NO;
				SUPPORTS_MAC_DESIGNED_FOR_IPHONE_IPAD = NO;
				SUPPORTS_XR_DESIGNED_FOR_IPHONE_IPAD = NO;
				SWIFT_EMIT_LOC_STRINGS = NO;
				SWIFT_VERSION = 5.0;
				TARGETED_DEVICE_FAMILY = 1;
				TEST_HOST = "$(BUILT_PRODUCTS_DIR)/LeavesOfBlocks.app/$(BUNDLE_EXECUTABLE_FOLDER_PATH)/LeavesOfBlocks";
			};
			name = Debug;
		};
		3A692C272E3460EE00451CB3 /* Release */ = {
			isa = XCBuildConfiguration;
			buildSettings = {
				BUNDLE_LOADER = "$(TEST_HOST)";
				CODE_SIGN_STYLE = Automatic;
				CURRENT_PROJECT_VERSION = 1;
				GENERATE_INFOPLIST_FILE = YES;
				IPHONEOS_DEPLOYMENT_TARGET = 18.5;
				MARKETING_VERSION = 1.0;
				PRODUCT_BUNDLE_IDENTIFIER = timothy.veil.LeavesOfBlocksTests;
				PRODUCT_NAME = "$(TARGET_NAME)";
				SUPPORTED_PLATFORMS = "iphoneos iphonesimulator";
				SUPPORTS_MACCATALYST = NO;
				SUPPORTS_MAC_DESIGNED_FOR_IPHONE_IPAD = NO;
				SUPPORTS_XR_DESIGNED_FOR_IPHONE_IPAD = NO;
				SWIFT_EMIT_LOC_STRINGS = NO;
				SWIFT_VERSION = 5.0;
				TARGETED_DEVICE_FAMILY = 1;
				TEST_HOST = "$(BUILT_PRODUCTS_DIR)/LeavesOfBlocks.app/$(BUNDLE_EXECUTABLE_FOLDER_PATH)/LeavesOfBlocks";
			};
			name = Release;
		};
		3A692C292E3460EE00451CB3 /* Debug */ = {
			isa = XCBuildConfiguration;
			buildSettings = {
				CODE_SIGN_STYLE = Automatic;
				CURRENT_PROJECT_VERSION = 1;
				GENERATE_INFOPLIST_FILE = YES;
				MARKETING_VERSION = 1.0;
				PRODUCT_BUNDLE_IDENTIFIER = timothy.veil.LeavesOfBlocksUITests;
				PRODUCT_NAME = "$(TARGET_NAME)";
				SUPPORTED_PLATFORMS = "iphoneos iphonesimulator";
				SUPPORTS_MACCATALYST = NO;
				SUPPORTS_MAC_DESIGNED_FOR_IPHONE_IPAD = NO;
				SUPPORTS_XR_DESIGNED_FOR_IPHONE_IPAD = NO;
				SWIFT_EMIT_LOC_STRINGS = NO;
				SWIFT_VERSION = 5.0;
				TARGETED_DEVICE_FAMILY = 1;
				TEST_TARGET_NAME = "Leaves of Blocks";
			};
			name = Debug;
		};
		3A692C2A2E3460EE00451CB3 /* Release */ = {
			isa = XCBuildConfiguration;
			buildSettings = {
				CODE_SIGN_STYLE = Automatic;
				CURRENT_PROJECT_VERSION = 1;
				GENERATE_INFOPLIST_FILE = YES;
				MARKETING_VERSION = 1.0;
				PRODUCT_BUNDLE_IDENTIFIER = timothy.veil.LeavesOfBlocksUITests;
				PRODUCT_NAME = "$(TARGET_NAME)";
				SUPPORTED_PLATFORMS = "iphoneos iphonesimulator";
				SUPPORTS_MACCATALYST = NO;
				SUPPORTS_MAC_DESIGNED_FOR_IPHONE_IPAD = NO;
				SUPPORTS_XR_DESIGNED_FOR_IPHONE_IPAD = NO;
				SWIFT_EMIT_LOC_STRINGS = NO;
				SWIFT_VERSION = 5.0;
				TARGETED_DEVICE_FAMILY = 1;
				TEST_TARGET_NAME = "Leaves of Blocks";
			};
			name = Release;
		};
		3A893D352E370BBB00872181 /* Debug */ = {
			isa = XCBuildConfiguration;
			buildSettings = {
				ASSETCATALOG_COMPILER_APPICON_NAME = AppIcon;
				ASSETCATALOG_COMPILER_GLOBAL_ACCENT_COLOR_NAME = AccentColor;
				CODE_SIGN_ENTITLEMENTS = LeavesOfBlocksAppClip/LeavesOfBlocksAppClip.entitlements;
				CODE_SIGN_STYLE = Automatic;
				CURRENT_PROJECT_VERSION = 1;
				ENABLE_PREVIEWS = YES;
				GENERATE_INFOPLIST_FILE = YES;
				INFOPLIST_FILE = LeavesOfBlocksAppClip/Info.plist;
				INFOPLIST_KEY_CFBundleDisplayName = LeavesOfBlocks;
				INFOPLIST_KEY_UIApplicationSceneManifest_Generation = YES;
				INFOPLIST_KEY_UIApplicationSupportsIndirectInputEvents = YES;
				INFOPLIST_KEY_UILaunchStoryboardName = LaunchScreen;
				INFOPLIST_KEY_UISupportedInterfaceOrientations_iPad = "UIInterfaceOrientationPortrait UIInterfaceOrientationPortraitUpsideDown UIInterfaceOrientationLandscapeLeft UIInterfaceOrientationLandscapeRight";
				INFOPLIST_KEY_UISupportedInterfaceOrientations_iPhone = "UIInterfaceOrientationPortrait UIInterfaceOrientationLandscapeLeft UIInterfaceOrientationLandscapeRight";
				LD_RUNPATH_SEARCH_PATHS = (
					"$(inherited)",
					"@executable_path/Frameworks",
				);
				MARKETING_VERSION = 1.0;
				PRODUCT_BUNDLE_IDENTIFIER = timothy.veil.LeavesOfBlocks.Clip;
				PRODUCT_NAME = "$(TARGET_NAME)";
				SUPPORTED_PLATFORMS = "iphoneos iphonesimulator";
				SUPPORTS_MACCATALYST = NO;
				SUPPORTS_MAC_DESIGNED_FOR_IPHONE_IPAD = NO;
				SUPPORTS_XR_DESIGNED_FOR_IPHONE_IPAD = NO;
				SWIFT_EMIT_LOC_STRINGS = YES;
				SWIFT_VERSION = 5.0;
				TARGETED_DEVICE_FAMILY = 1;
			};
			name = Debug;
		};
		3A893D362E370BBB00872181 /* Release */ = {
			isa = XCBuildConfiguration;
			buildSettings = {
				ASSETCATALOG_COMPILER_APPICON_NAME = AppIcon;
				ASSETCATALOG_COMPILER_GLOBAL_ACCENT_COLOR_NAME = AccentColor;
				CODE_SIGN_ENTITLEMENTS = LeavesOfBlocksAppClip/LeavesOfBlocksAppClip.entitlements;
				CODE_SIGN_STYLE = Automatic;
				CURRENT_PROJECT_VERSION = 1;
				ENABLE_PREVIEWS = YES;
				GENERATE_INFOPLIST_FILE = YES;
				INFOPLIST_FILE = LeavesOfBlocksAppClip/Info.plist;
				INFOPLIST_KEY_CFBundleDisplayName = LeavesOfBlocks;
				INFOPLIST_KEY_UIApplicationSceneManifest_Generation = YES;
				INFOPLIST_KEY_UIApplicationSupportsIndirectInputEvents = YES;
				INFOPLIST_KEY_UILaunchStoryboardName = LaunchScreen;
				INFOPLIST_KEY_UISupportedInterfaceOrientations_iPad = "UIInterfaceOrientationPortrait UIInterfaceOrientationPortraitUpsideDown UIInterfaceOrientationLandscapeLeft UIInterfaceOrientationLandscapeRight";
				INFOPLIST_KEY_UISupportedInterfaceOrientations_iPhone = "UIInterfaceOrientationPortrait UIInterfaceOrientationLandscapeLeft UIInterfaceOrientationLandscapeRight";
				LD_RUNPATH_SEARCH_PATHS = (
					"$(inherited)",
					"@executable_path/Frameworks",
				);
				MARKETING_VERSION = 1.0;
				PRODUCT_BUNDLE_IDENTIFIER = timothy.veil.LeavesOfBlocks.Clip;
				PRODUCT_NAME = "$(TARGET_NAME)";
				SUPPORTED_PLATFORMS = "iphoneos iphonesimulator";
				SUPPORTS_MACCATALYST = NO;
				SUPPORTS_MAC_DESIGNED_FOR_IPHONE_IPAD = NO;
				SUPPORTS_XR_DESIGNED_FOR_IPHONE_IPAD = NO;
				SWIFT_EMIT_LOC_STRINGS = YES;
				SWIFT_VERSION = 5.0;
				TARGETED_DEVICE_FAMILY = 1;
			};
			name = Release;
		};
		3A893D372E370BBB00872181 /* Debug */ = {
			isa = XCBuildConfiguration;
			buildSettings = {
				BUNDLE_LOADER = "$(TEST_HOST)";
				CODE_SIGN_STYLE = Automatic;
				CURRENT_PROJECT_VERSION = 1;
				DEVELOPMENT_TEAM = 85U9MWUBJL;
				GENERATE_INFOPLIST_FILE = YES;
				IPHONEOS_DEPLOYMENT_TARGET = 18.5;
				MARKETING_VERSION = 1.0;
				PRODUCT_BUNDLE_IDENTIFIER = timothy.veil.LeavesOfBlocks.LeavesOfBlocksAppClipTests;
				PRODUCT_NAME = "$(TARGET_NAME)";
				SUPPORTED_PLATFORMS = "iphoneos iphonesimulator";
				SUPPORTS_MACCATALYST = NO;
				SUPPORTS_MAC_DESIGNED_FOR_IPHONE_IPAD = NO;
				SUPPORTS_XR_DESIGNED_FOR_IPHONE_IPAD = NO;
				SWIFT_EMIT_LOC_STRINGS = NO;
				SWIFT_VERSION = 5.0;
				TARGETED_DEVICE_FAMILY = 1;
				TEST_HOST = "$(BUILT_PRODUCTS_DIR)/LeavesOfBlocksAppClip.app/$(BUNDLE_EXECUTABLE_FOLDER_PATH)/LeavesOfBlocksAppClip";
			};
			name = Debug;
		};
		3A893D382E370BBB00872181 /* Release */ = {
			isa = XCBuildConfiguration;
			buildSettings = {
				BUNDLE_LOADER = "$(TEST_HOST)";
				CODE_SIGN_STYLE = Automatic;
				CURRENT_PROJECT_VERSION = 1;
				DEVELOPMENT_TEAM = 85U9MWUBJL;
				GENERATE_INFOPLIST_FILE = YES;
				IPHONEOS_DEPLOYMENT_TARGET = 18.5;
				MARKETING_VERSION = 1.0;
				PRODUCT_BUNDLE_IDENTIFIER = timothy.veil.LeavesOfBlocks.LeavesOfBlocksAppClipTests;
				PRODUCT_NAME = "$(TARGET_NAME)";
				SUPPORTED_PLATFORMS = "iphoneos iphonesimulator";
				SUPPORTS_MACCATALYST = NO;
				SUPPORTS_MAC_DESIGNED_FOR_IPHONE_IPAD = NO;
				SUPPORTS_XR_DESIGNED_FOR_IPHONE_IPAD = NO;
				SWIFT_EMIT_LOC_STRINGS = NO;
				SWIFT_VERSION = 5.0;
				TARGETED_DEVICE_FAMILY = 1;
				TEST_HOST = "$(BUILT_PRODUCTS_DIR)/LeavesOfBlocksAppClip.app/$(BUNDLE_EXECUTABLE_FOLDER_PATH)/LeavesOfBlocksAppClip";
			};
			name = Release;
		};
		3A893D392E370BBB00872181 /* Debug */ = {
			isa = XCBuildConfiguration;
			buildSettings = {
				CODE_SIGN_STYLE = Automatic;
				CURRENT_PROJECT_VERSION = 1;
				DEVELOPMENT_TEAM = 85U9MWUBJL;
				GENERATE_INFOPLIST_FILE = YES;
				MARKETING_VERSION = 1.0;
				PRODUCT_BUNDLE_IDENTIFIER = timothy.veil.LeavesOfBlocks.LeavesOfBlocksAppClipUITests;
				PRODUCT_NAME = "$(TARGET_NAME)";
				SUPPORTED_PLATFORMS = "iphoneos iphonesimulator";
				SUPPORTS_MACCATALYST = NO;
				SUPPORTS_MAC_DESIGNED_FOR_IPHONE_IPAD = NO;
				SUPPORTS_XR_DESIGNED_FOR_IPHONE_IPAD = NO;
				SWIFT_EMIT_LOC_STRINGS = NO;
				SWIFT_VERSION = 5.0;
				TARGETED_DEVICE_FAMILY = 1;
				TEST_TARGET_NAME = LeavesOfBlocksAppClip;
			};
			name = Debug;
		};
		3A893D3A2E370BBB00872181 /* Release */ = {
			isa = XCBuildConfiguration;
			buildSettings = {
				CODE_SIGN_STYLE = Automatic;
				CURRENT_PROJECT_VERSION = 1;
				DEVELOPMENT_TEAM = 85U9MWUBJL;
				GENERATE_INFOPLIST_FILE = YES;
				MARKETING_VERSION = 1.0;
				PRODUCT_BUNDLE_IDENTIFIER = timothy.veil.LeavesOfBlocks.LeavesOfBlocksAppClipUITests;
				PRODUCT_NAME = "$(TARGET_NAME)";
				SUPPORTED_PLATFORMS = "iphoneos iphonesimulator";
				SUPPORTS_MACCATALYST = NO;
				SUPPORTS_MAC_DESIGNED_FOR_IPHONE_IPAD = NO;
				SUPPORTS_XR_DESIGNED_FOR_IPHONE_IPAD = NO;
				SWIFT_EMIT_LOC_STRINGS = NO;
				SWIFT_VERSION = 5.0;
				TARGETED_DEVICE_FAMILY = 1;
				TEST_TARGET_NAME = LeavesOfBlocksAppClip;
			};
			name = Release;
		};
/* End XCBuildConfiguration section */

/* Begin XCConfigurationList section */
		3A692BFC2E3460ED00451CB3 /* Build configuration list for PBXProject "LeavesOfBlocks" */ = {
			isa = XCConfigurationList;
			buildConfigurations = (
				3A692C202E3460EE00451CB3 /* Debug */,
				3A692C212E3460EE00451CB3 /* Release */,
			);
			defaultConfigurationIsVisible = 0;
			defaultConfigurationName = Release;
		};
		3A692C222E3460EE00451CB3 /* Build configuration list for PBXNativeTarget "LeavesOfBlocks" */ = {
			isa = XCConfigurationList;
			buildConfigurations = (
				3A692C232E3460EE00451CB3 /* Debug */,
				3A692C242E3460EE00451CB3 /* Release */,
			);
			defaultConfigurationIsVisible = 0;
			defaultConfigurationName = Release;
		};
		3A692C252E3460EE00451CB3 /* Build configuration list for PBXNativeTarget "LeavesOfBlocksTests" */ = {
			isa = XCConfigurationList;
			buildConfigurations = (
				3A692C262E3460EE00451CB3 /* Debug */,
				3A692C272E3460EE00451CB3 /* Release */,
			);
			defaultConfigurationIsVisible = 0;
			defaultConfigurationName = Release;
		};
		3A692C282E3460EE00451CB3 /* Build configuration list for PBXNativeTarget "LeavesOfBlocksUITests" */ = {
			isa = XCConfigurationList;
			buildConfigurations = (
				3A692C292E3460EE00451CB3 /* Debug */,
				3A692C2A2E3460EE00451CB3 /* Release */,
			);
			defaultConfigurationIsVisible = 0;
			defaultConfigurationName = Release;
		};
		3A893D3C2E370BBB00872181 /* Build configuration list for PBXNativeTarget "LeavesOfBlocksAppClip" */ = {
			isa = XCConfigurationList;
			buildConfigurations = (
				3A893D352E370BBB00872181 /* Debug */,
				3A893D362E370BBB00872181 /* Release */,
			);
			defaultConfigurationIsVisible = 0;
			defaultConfigurationName = Release;
		};
		3A893D3D2E370BBB00872181 /* Build configuration list for PBXNativeTarget "LeavesOfBlocksAppClipTests" */ = {
			isa = XCConfigurationList;
			buildConfigurations = (
				3A893D372E370BBB00872181 /* Debug */,
				3A893D382E370BBB00872181 /* Release */,
			);
			defaultConfigurationIsVisible = 0;
			defaultConfigurationName = Release;
		};
		3A893D3E2E370BBB00872181 /* Build configuration list for PBXNativeTarget "LeavesOfBlocksAppClipUITests" */ = {
			isa = XCConfigurationList;
			buildConfigurations = (
				3A893D392E370BBB00872181 /* Debug */,
				3A893D3A2E370BBB00872181 /* Release */,
			);
			defaultConfigurationIsVisible = 0;
			defaultConfigurationName = Release;
		};
/* End XCConfigurationList section */
	};
	rootObject = 3A692BF92E3460ED00451CB3 /* Project object */;
}
